// !$*UTF8*$!
{
	archiveVersion = 1;
	classes = {
	};
	objectVersion = 46;
	objects = {

/* Begin PBXBuildFile section */
		4C0D2CFB1A8C4D00001DB954 /* enemyParticle.sks in Resources */ = {isa = PBXBuildFile; fileRef = 4C0D2CFA1A8C4D00001DB954 /* enemyParticle.sks */; };
		4C1193431A89C34C0009DDD3 /* main.m in Sources */ = {isa = PBXBuildFile; fileRef = 4C1193421A89C34C0009DDD3 /* main.m */; };
		4C1193461A89C34C0009DDD3 /* AppDelegate.m in Sources */ = {isa = PBXBuildFile; fileRef = 4C1193451A89C34C0009DDD3 /* AppDelegate.m */; };
		4C1193491A89C34C0009DDD3 /* GameScene.m in Sources */ = {isa = PBXBuildFile; fileRef = 4C1193481A89C34C0009DDD3 /* GameScene.m */; };
		4C11934E1A89C34C0009DDD3 /* GameViewController.m in Sources */ = {isa = PBXBuildFile; fileRef = 4C11934D1A89C34C0009DDD3 /* GameViewController.m */; };
		4C1193531A89C34C0009DDD3 /* Images.xcassets in Resources */ = {isa = PBXBuildFile; fileRef = 4C1193521A89C34C0009DDD3 /* Images.xcassets */; };
		4C1193621A89C34D0009DDD3 /* SpaceBlazeTests.m in Sources */ = {isa = PBXBuildFile; fileRef = 4C1193611A89C34D0009DDD3 /* SpaceBlazeTests.m */; };
		4C11936D1A89CEC50009DDD3 /* BlazeParticle.sks in Resources */ = {isa = PBXBuildFile; fileRef = 4C11936B1A89CEC50009DDD3 /* BlazeParticle.sks */; };
		4C11936E1A89CEC50009DDD3 /* spark.png in Resources */ = {isa = PBXBuildFile; fileRef = 4C11936C1A89CEC50009DDD3 /* spark.png */; };
		4C12F7A01A9681CB004F6366 /* whoosh.mp3 in Resources */ = {isa = PBXBuildFile; fileRef = 4C12F79F1A9681CB004F6366 /* whoosh.mp3 */; };
		4C797D761A8AA5F900FEE1EE /* Explosion.sks in Resources */ = {isa = PBXBuildFile; fileRef = 4C797D741A8AA5F900FEE1EE /* Explosion.sks */; };
		4C797D791A8AAF8800FEE1EE /* MenuScene.sks in Resources */ = {isa = PBXBuildFile; fileRef = 4C797D781A8AAF8800FEE1EE /* MenuScene.sks */; };
		4C797D7C1A8AAFE000FEE1EE /* MenuScene.m in Sources */ = {isa = PBXBuildFile; fileRef = 4C797D7B1A8AAFE000FEE1EE /* MenuScene.m */; };
		4C7D124A1A9C3ECE00650C60 /* music.mp3 in Resources */ = {isa = PBXBuildFile; fileRef = 4C7D12491A9C3ECE00650C60 /* music.mp3 */; };
		4CA3A94B1A9D40F0005B9C28 /* AVFoundation.framework in Frameworks */ = {isa = PBXBuildFile; fileRef = 4CA3A94A1A9D40F0005B9C28 /* AVFoundation.framework */; };
		4CADDB501A8AC7AA00CDF812 /* InstructionsScene.m in Sources */ = {isa = PBXBuildFile; fileRef = 4CADDB4F1A8AC7AA00CDF812 /* InstructionsScene.m */; };
		4CC4F4E61A9501E80070614D /* star.sks in Resources */ = {isa = PBXBuildFile; fileRef = 4CC4F4E51A9501E80070614D /* star.sks */; };
		4CC4F4E91A9506E10070614D /* GALACTIC VANGUARDIAN NCV.ttf in Resources */ = {isa = PBXBuildFile; fileRef = 4CC4F4E81A9506E10070614D /* GALACTIC VANGUARDIAN NCV.ttf */; };
		4CC8F2401A96731500DA3060 /* explosion.mp3 in Resources */ = {isa = PBXBuildFile; fileRef = 4CC8F23F1A96731500DA3060 /* explosion.mp3 */; };
		4CCC24281A96AF2C0051D5D0 /* comet.mp3 in Resources */ = {isa = PBXBuildFile; fileRef = 4CCC24271A96AF2C0051D5D0 /* comet.mp3 */; };
/* End PBXBuildFile section */

/* Begin PBXContainerItemProxy section */
		4C11935C1A89C34D0009DDD3 /* PBXContainerItemProxy */ = {
			isa = PBXContainerItemProxy;
			containerPortal = 4C1193351A89C34C0009DDD3 /* Project object */;
			proxyType = 1;
			remoteGlobalIDString = 4C11933C1A89C34C0009DDD3;
			remoteInfo = SpaceBlaze;
		};
/* End PBXContainerItemProxy section */

/* Begin PBXFileReference section */
		4C0D2CFA1A8C4D00001DB954 /* enemyParticle.sks */ = {isa = PBXFileReference; lastKnownFileType = file.sks; path = enemyParticle.sks; sourceTree = "<group>"; };
		4C11933D1A89C34C0009DDD3 /* SpaceBlaze.app */ = {isa = PBXFileReference; explicitFileType = wrapper.application; includeInIndex = 0; path = SpaceBlaze.app; sourceTree = BUILT_PRODUCTS_DIR; };
		4C1193411A89C34C0009DDD3 /* Info.plist */ = {isa = PBXFileReference; lastKnownFileType = text.plist.xml; path = Info.plist; sourceTree = "<group>"; };
		4C1193421A89C34C0009DDD3 /* main.m */ = {isa = PBXFileReference; lastKnownFileType = sourcecode.c.objc; path = main.m; sourceTree = "<group>"; };
		4C1193441A89C34C0009DDD3 /* AppDelegate.h */ = {isa = PBXFileReference; lastKnownFileType = sourcecode.c.h; path = AppDelegate.h; sourceTree = "<group>"; };
		4C1193451A89C34C0009DDD3 /* AppDelegate.m */ = {isa = PBXFileReference; lastKnownFileType = sourcecode.c.objc; path = AppDelegate.m; sourceTree = "<group>"; };
		4C1193471A89C34C0009DDD3 /* GameScene.h */ = {isa = PBXFileReference; lastKnownFileType = sourcecode.c.h; path = GameScene.h; sourceTree = "<group>"; };
		4C1193481A89C34C0009DDD3 /* GameScene.m */ = {isa = PBXFileReference; lastKnownFileType = sourcecode.c.objc; path = GameScene.m; sourceTree = "<group>"; };
		4C11934C1A89C34C0009DDD3 /* GameViewController.h */ = {isa = PBXFileReference; lastKnownFileType = sourcecode.c.h; path = GameViewController.h; sourceTree = "<group>"; };
		4C11934D1A89C34C0009DDD3 /* GameViewController.m */ = {isa = PBXFileReference; lastKnownFileType = sourcecode.c.objc; path = GameViewController.m; sourceTree = "<group>"; };
		4C1193501A89C34C0009DDD3 /* Base */ = {isa = PBXFileReference; lastKnownFileType = file.storyboard; name = Base; path = Base.lproj/Main.storyboard; sourceTree = "<group>"; };
		4C1193521A89C34C0009DDD3 /* Images.xcassets */ = {isa = PBXFileReference; lastKnownFileType = folder.assetcatalog; path = Images.xcassets; sourceTree = "<group>"; };
		4C11935B1A89C34D0009DDD3 /* SpaceBlazeTests.xctest */ = {isa = PBXFileReference; explicitFileType = wrapper.cfbundle; includeInIndex = 0; path = SpaceBlazeTests.xctest; sourceTree = BUILT_PRODUCTS_DIR; };
		4C1193601A89C34D0009DDD3 /* Info.plist */ = {isa = PBXFileReference; lastKnownFileType = text.plist.xml; path = Info.plist; sourceTree = "<group>"; };
		4C1193611A89C34D0009DDD3 /* SpaceBlazeTests.m */ = {isa = PBXFileReference; lastKnownFileType = sourcecode.c.objc; path = SpaceBlazeTests.m; sourceTree = "<group>"; };
		4C11936B1A89CEC50009DDD3 /* BlazeParticle.sks */ = {isa = PBXFileReference; lastKnownFileType = file.sks; name = BlazeParticle.sks; path = ../BlazeParticle.sks; sourceTree = "<group>"; };
		4C11936C1A89CEC50009DDD3 /* spark.png */ = {isa = PBXFileReference; lastKnownFileType = image.png; name = spark.png; path = ../spark.png; sourceTree = "<group>"; };
		4C12F79F1A9681CB004F6366 /* whoosh.mp3 */ = {isa = PBXFileReference; lastKnownFileType = audio.mp3; path = whoosh.mp3; sourceTree = "<group>"; };
		4C797D741A8AA5F900FEE1EE /* Explosion.sks */ = {isa = PBXFileReference; lastKnownFileType = file.sks; path = Explosion.sks; sourceTree = "<group>"; };
		4C797D781A8AAF8800FEE1EE /* MenuScene.sks */ = {isa = PBXFileReference; lastKnownFileType = file.sks; path = MenuScene.sks; sourceTree = "<group>"; };
		4C797D7A1A8AAFE000FEE1EE /* MenuScene.h */ = {isa = PBXFileReference; fileEncoding = 4; lastKnownFileType = sourcecode.c.h; path = MenuScene.h; sourceTree = "<group>"; };
		4C797D7B1A8AAFE000FEE1EE /* MenuScene.m */ = {isa = PBXFileReference; fileEncoding = 4; lastKnownFileType = sourcecode.c.objc; path = MenuScene.m; sourceTree = "<group>"; };
		4C7D12491A9C3ECE00650C60 /* music.mp3 */ = {isa = PBXFileReference; lastKnownFileType = audio.mp3; path = music.mp3; sourceTree = "<group>"; };
		4C84C1F51A8A97FC00D34283 /* CGVector+TC.h */ = {isa = PBXFileReference; fileEncoding = 4; lastKnownFileType = sourcecode.c.h; path = "CGVector+TC.h"; sourceTree = "<group>"; };
		4CA3A94A1A9D40F0005B9C28 /* AVFoundation.framework */ = {isa = PBXFileReference; lastKnownFileType = wrapper.framework; name = AVFoundation.framework; path = System/Library/Frameworks/AVFoundation.framework; sourceTree = SDKROOT; };
		4CADDB4E1A8AC7AA00CDF812 /* InstructionsScene.h */ = {isa = PBXFileReference; fileEncoding = 4; lastKnownFileType = sourcecode.c.h; path = InstructionsScene.h; sourceTree = "<group>"; };
		4CADDB4F1A8AC7AA00CDF812 /* InstructionsScene.m */ = {isa = PBXFileReference; fileEncoding = 4; lastKnownFileType = sourcecode.c.objc; path = InstructionsScene.m; sourceTree = "<group>"; };
		4CC4F4E51A9501E80070614D /* star.sks */ = {isa = PBXFileReference; lastKnownFileType = file.sks; path = star.sks; sourceTree = "<group>"; };
		4CC4F4E81A9506E10070614D /* GALACTIC VANGUARDIAN NCV.ttf */ = {isa = PBXFileReference; lastKnownFileType = file; path = "GALACTIC VANGUARDIAN NCV.ttf"; sourceTree = "<group>"; };
		4CC8F23F1A96731500DA3060 /* explosion.mp3 */ = {isa = PBXFileReference; lastKnownFileType = audio.mp3; path = explosion.mp3; sourceTree = "<group>"; };
		4CCC24271A96AF2C0051D5D0 /* comet.mp3 */ = {isa = PBXFileReference; lastKnownFileType = audio.mp3; path = comet.mp3; sourceTree = "<group>"; };
/* End PBXFileReference section */

/* Begin PBXFrameworksBuildPhase section */
		4C11933A1A89C34C0009DDD3 /* Frameworks */ = {
			isa = PBXFrameworksBuildPhase;
			buildActionMask = 2147483647;
			files = (
				4CA3A94B1A9D40F0005B9C28 /* AVFoundation.framework in Frameworks */,
			);
			runOnlyForDeploymentPostprocessing = 0;
		};
		4C1193581A89C34D0009DDD3 /* Frameworks */ = {
			isa = PBXFrameworksBuildPhase;
			buildActionMask = 2147483647;
			files = (
			);
			runOnlyForDeploymentPostprocessing = 0;
		};
/* End PBXFrameworksBuildPhase section */

/* Begin PBXGroup section */
		4C1193341A89C34C0009DDD3 = {
			isa = PBXGroup;
			children = (
				4CA3A94A1A9D40F0005B9C28 /* AVFoundation.framework */,
				4C11933F1A89C34C0009DDD3 /* SpaceBlaze */,
				4C11935E1A89C34D0009DDD3 /* SpaceBlazeTests */,
				4C11933E1A89C34C0009DDD3 /* Products */,
			);
			sourceTree = "<group>";
		};
		4C11933E1A89C34C0009DDD3 /* Products */ = {
			isa = PBXGroup;
			children = (
				4C11933D1A89C34C0009DDD3 /* SpaceBlaze.app */,
				4C11935B1A89C34D0009DDD3 /* SpaceBlazeTests.xctest */,
			);
			name = Products;
			sourceTree = "<group>";
		};
		4C11933F1A89C34C0009DDD3 /* SpaceBlaze */ = {
			isa = PBXGroup;
			children = (
				4CC4F4E71A95065E0070614D /* font */,
				4C797D7F1A8AB03000FEE1EE /* Particles */,
				4C797D7E1A8AB00700FEE1EE /* Other source files */,
				4CC8F2411A96734A00DA3060 /* Audio */,
				4C1193521A89C34C0009DDD3 /* Images.xcassets */,
				4C797D7D1A8AAFED00FEE1EE /* Scenes */,
				4C1193401A89C34C0009DDD3 /* Supporting Files */,
			);
			path = SpaceBlaze;
			sourceTree = "<group>";
		};
		4C1193401A89C34C0009DDD3 /* Supporting Files */ = {
			isa = PBXGroup;
			children = (
				4C1193411A89C34C0009DDD3 /* Info.plist */,
				4C1193421A89C34C0009DDD3 /* main.m */,
			);
			name = "Supporting Files";
			sourceTree = "<group>";
		};
		4C11935E1A89C34D0009DDD3 /* SpaceBlazeTests */ = {
			isa = PBXGroup;
			children = (
				4C1193611A89C34D0009DDD3 /* SpaceBlazeTests.m */,
				4C11935F1A89C34D0009DDD3 /* Supporting Files */,
			);
			path = SpaceBlazeTests;
			sourceTree = "<group>";
		};
		4C11935F1A89C34D0009DDD3 /* Supporting Files */ = {
			isa = PBXGroup;
			children = (
				4C1193601A89C34D0009DDD3 /* Info.plist */,
			);
			name = "Supporting Files";
			sourceTree = "<group>";
		};
		4C797D7D1A8AAFED00FEE1EE /* Scenes */ = {
			isa = PBXGroup;
			children = (
				4C1193471A89C34C0009DDD3 /* GameScene.h */,
				4C1193481A89C34C0009DDD3 /* GameScene.m */,
				4C797D781A8AAF8800FEE1EE /* MenuScene.sks */,
				4C797D7A1A8AAFE000FEE1EE /* MenuScene.h */,
				4C797D7B1A8AAFE000FEE1EE /* MenuScene.m */,
				4CADDB4E1A8AC7AA00CDF812 /* InstructionsScene.h */,
				4CADDB4F1A8AC7AA00CDF812 /* InstructionsScene.m */,
			);
			name = Scenes;
			sourceTree = "<group>";
		};
		4C797D7E1A8AB00700FEE1EE /* Other source files */ = {
			isa = PBXGroup;
			children = (
				4C1193441A89C34C0009DDD3 /* AppDelegate.h */,
				4C1193451A89C34C0009DDD3 /* AppDelegate.m */,
				4C84C1F51A8A97FC00D34283 /* CGVector+TC.h */,
				4C11934F1A89C34C0009DDD3 /* Main.storyboard */,
				4C11934C1A89C34C0009DDD3 /* GameViewController.h */,
				4C11934D1A89C34C0009DDD3 /* GameViewController.m */,
			);
			name = "Other source files";
			sourceTree = "<group>";
		};
		4C797D7F1A8AB03000FEE1EE /* Particles */ = {
			isa = PBXGroup;
			children = (
				4CC4F4E51A9501E80070614D /* star.sks */,
				4C0D2CFA1A8C4D00001DB954 /* enemyParticle.sks */,
				4C11936B1A89CEC50009DDD3 /* BlazeParticle.sks */,
				4C11936C1A89CEC50009DDD3 /* spark.png */,
				4C797D741A8AA5F900FEE1EE /* Explosion.sks */,
			);
			name = Particles;
			sourceTree = "<group>";
		};
		4CC4F4E71A95065E0070614D /* font */ = {
			isa = PBXGroup;
			children = (
				4CC4F4E81A9506E10070614D /* GALACTIC VANGUARDIAN NCV.ttf */,
			);
			name = font;
			sourceTree = "<group>";
		};
		4CC8F2411A96734A00DA3060 /* Audio */ = {
			isa = PBXGroup;
			children = (
				4CCC24271A96AF2C0051D5D0 /* comet.mp3 */,
				4C12F79F1A9681CB004F6366 /* whoosh.mp3 */,
				4CC8F23F1A96731500DA3060 /* explosion.mp3 */,
				4C7D12491A9C3ECE00650C60 /* music.mp3 */,
			);
			name = Audio;
			sourceTree = "<group>";
		};
/* End PBXGroup section */

/* Begin PBXNativeTarget section */
		4C11933C1A89C34C0009DDD3 /* SpaceBlaze */ = {
			isa = PBXNativeTarget;
			buildConfigurationList = 4C1193651A89C34D0009DDD3 /* Build configuration list for PBXNativeTarget "SpaceBlaze" */;
			buildPhases = (
				4C1193391A89C34C0009DDD3 /* Sources */,
				4C11933A1A89C34C0009DDD3 /* Frameworks */,
				4C11933B1A89C34C0009DDD3 /* Resources */,
			);
			buildRules = (
			);
			dependencies = (
			);
			name = SpaceBlaze;
			productName = SpaceBlaze;
			productReference = 4C11933D1A89C34C0009DDD3 /* SpaceBlaze.app */;
			productType = "com.apple.product-type.application";
		};
		4C11935A1A89C34D0009DDD3 /* SpaceBlazeTests */ = {
			isa = PBXNativeTarget;
			buildConfigurationList = 4C1193681A89C34D0009DDD3 /* Build configuration list for PBXNativeTarget "SpaceBlazeTests" */;
			buildPhases = (
				4C1193571A89C34D0009DDD3 /* Sources */,
				4C1193581A89C34D0009DDD3 /* Frameworks */,
				4C1193591A89C34D0009DDD3 /* Resources */,
			);
			buildRules = (
			);
			dependencies = (
				4C11935D1A89C34D0009DDD3 /* PBXTargetDependency */,
			);
			name = SpaceBlazeTests;
			productName = SpaceBlazeTests;
			productReference = 4C11935B1A89C34D0009DDD3 /* SpaceBlazeTests.xctest */;
			productType = "com.apple.product-type.bundle.unit-test";
		};
/* End PBXNativeTarget section */

/* Begin PBXProject section */
		4C1193351A89C34C0009DDD3 /* Project object */ = {
			isa = PBXProject;
			attributes = {
				LastUpgradeCheck = 0610;
				ORGANIZATIONNAME = "Michael Reiter";
				TargetAttributes = {
					4C11933C1A89C34C0009DDD3 = {
						CreatedOnToolsVersion = 6.1.1;
						DevelopmentTeam = PR7J8PE27Z;
					};
					4C11935A1A89C34D0009DDD3 = {
						CreatedOnToolsVersion = 6.1.1;
						TestTargetID = 4C11933C1A89C34C0009DDD3;
					};
				};
			};
			buildConfigurationList = 4C1193381A89C34C0009DDD3 /* Build configuration list for PBXProject "SpaceBlaze" */;
			compatibilityVersion = "Xcode 3.2";
			developmentRegion = English;
			hasScannedForEncodings = 0;
			knownRegions = (
				en,
				Base,
			);
			mainGroup = 4C1193341A89C34C0009DDD3;
			productRefGroup = 4C11933E1A89C34C0009DDD3 /* Products */;
			projectDirPath = "";
			projectRoot = "";
			targets = (
				4C11933C1A89C34C0009DDD3 /* SpaceBlaze */,
				4C11935A1A89C34D0009DDD3 /* SpaceBlazeTests */,
			);
		};
/* End PBXProject section */

/* Begin PBXResourcesBuildPhase section */
		4C11933B1A89C34C0009DDD3 /* Resources */ = {
			isa = PBXResourcesBuildPhase;
			buildActionMask = 2147483647;
			files = (
				4C11936E1A89CEC50009DDD3 /* spark.png in Resources */,
				4C797D761A8AA5F900FEE1EE /* Explosion.sks in Resources */,
				4CC4F4E91A9506E10070614D /* GALACTIC VANGUARDIAN NCV.ttf in Resources */,
				4CCC24281A96AF2C0051D5D0 /* comet.mp3 in Resources */,
				4CC4F4E61A9501E80070614D /* star.sks in Resources */,
				4CC8F2401A96731500DA3060 /* explosion.mp3 in Resources */,
				4C1193531A89C34C0009DDD3 /* Images.xcassets in Resources */,
				4C11936D1A89CEC50009DDD3 /* BlazeParticle.sks in Resources */,
				4C12F7A01A9681CB004F6366 /* whoosh.mp3 in Resources */,
				4C0D2CFB1A8C4D00001DB954 /* enemyParticle.sks in Resources */,
				4C7D124A1A9C3ECE00650C60 /* music.mp3 in Resources */,
				4C797D791A8AAF8800FEE1EE /* MenuScene.sks in Resources */,
			);
			runOnlyForDeploymentPostprocessing = 0;
		};
		4C1193591A89C34D0009DDD3 /* Resources */ = {
			isa = PBXResourcesBuildPhase;
			buildActionMask = 2147483647;
			files = (
			);
			runOnlyForDeploymentPostprocessing = 0;
		};
/* End PBXResourcesBuildPhase section */

/* Begin PBXSourcesBuildPhase section */
		4C1193391A89C34C0009DDD3 /* Sources */ = {
			isa = PBXSourcesBuildPhase;
			buildActionMask = 2147483647;
			files = (
				4C11934E1A89C34C0009DDD3 /* GameViewController.m in Sources */,
				4C797D7C1A8AAFE000FEE1EE /* MenuScene.m in Sources */,
				4C1193461A89C34C0009DDD3 /* AppDelegate.m in Sources */,
				4CADDB501A8AC7AA00CDF812 /* InstructionsScene.m in Sources */,
				4C1193491A89C34C0009DDD3 /* GameScene.m in Sources */,
				4C1193431A89C34C0009DDD3 /* main.m in Sources */,
			);
			runOnlyForDeploymentPostprocessing = 0;
		};
		4C1193571A89C34D0009DDD3 /* Sources */ = {
			isa = PBXSourcesBuildPhase;
			buildActionMask = 2147483647;
			files = (
				4C1193621A89C34D0009DDD3 /* SpaceBlazeTests.m in Sources */,
			);
			runOnlyForDeploymentPostprocessing = 0;
		};
/* End PBXSourcesBuildPhase section */

/* Begin PBXTargetDependency section */
		4C11935D1A89C34D0009DDD3 /* PBXTargetDependency */ = {
			isa = PBXTargetDependency;
			target = 4C11933C1A89C34C0009DDD3 /* SpaceBlaze */;
			targetProxy = 4C11935C1A89C34D0009DDD3 /* PBXContainerItemProxy */;
		};
/* End PBXTargetDependency section */

/* Begin PBXVariantGroup section */
		4C11934F1A89C34C0009DDD3 /* Main.storyboard */ = {
			isa = PBXVariantGroup;
			children = (
				4C1193501A89C34C0009DDD3 /* Base */,
			);
			name = Main.storyboard;
			sourceTree = "<group>";
		};
/* End PBXVariantGroup section */

/* Begin XCBuildConfiguration section */
		4C1193631A89C34D0009DDD3 /* Debug */ = {
			isa = XCBuildConfiguration;
			buildSettings = {
				ALWAYS_SEARCH_USER_PATHS = NO;
				CLANG_CXX_LANGUAGE_STANDARD = "gnu++0x";
				CLANG_CXX_LIBRARY = "libc++";
				CLANG_ENABLE_MODULES = YES;
				CLANG_ENABLE_OBJC_ARC = YES;
				CLANG_WARN_BOOL_CONVERSION = YES;
				CLANG_WARN_CONSTANT_CONVERSION = YES;
				CLANG_WARN_DIRECT_OBJC_ISA_USAGE = YES_ERROR;
				CLANG_WARN_EMPTY_BODY = YES;
				CLANG_WARN_ENUM_CONVERSION = YES;
				CLANG_WARN_INT_CONVERSION = YES;
				CLANG_WARN_OBJC_ROOT_CLASS = YES_ERROR;
				CLANG_WARN_UNREACHABLE_CODE = YES;
				CLANG_WARN__DUPLICATE_METHOD_MATCH = YES;
				"CODE_SIGN_IDENTITY[sdk=iphoneos*]" = "iPhone Developer";
				COPY_PHASE_STRIP = NO;
				ENABLE_STRICT_OBJC_MSGSEND = YES;
				GCC_C_LANGUAGE_STANDARD = gnu99;
				GCC_DYNAMIC_NO_PIC = NO;
				GCC_OPTIMIZATION_LEVEL = 0;
				GCC_PREPROCESSOR_DEFINITIONS = (
					"DEBUG=1",
					"$(inherited)",
				);
				GCC_SYMBOLS_PRIVATE_EXTERN = NO;
				GCC_WARN_64_TO_32_BIT_CONVERSION = YES;
				GCC_WARN_ABOUT_RETURN_TYPE = YES_ERROR;
				GCC_WARN_UNDECLARED_SELECTOR = YES;
				GCC_WARN_UNINITIALIZED_AUTOS = YES_AGGRESSIVE;
				GCC_WARN_UNUSED_FUNCTION = YES;
				GCC_WARN_UNUSED_VARIABLE = YES;
				IPHONEOS_DEPLOYMENT_TARGET = 8.1;
				MTL_ENABLE_DEBUG_INFO = YES;
				ONLY_ACTIVE_ARCH = YES;
				SDKROOT = iphoneos;
			};
			name = Debug;
		};
		4C1193641A89C34D0009DDD3 /* Release */ = {
			isa = XCBuildConfiguration;
			buildSettings = {
				ALWAYS_SEARCH_USER_PATHS = NO;
				CLANG_CXX_LANGUAGE_STANDARD = "gnu++0x";
				CLANG_CXX_LIBRARY = "libc++";
				CLANG_ENABLE_MODULES = YES;
				CLANG_ENABLE_OBJC_ARC = YES;
				CLANG_WARN_BOOL_CONVERSION = YES;
				CLANG_WARN_CONSTANT_CONVERSION = YES;
				CLANG_WARN_DIRECT_OBJC_ISA_USAGE = YES_ERROR;
				CLANG_WARN_EMPTY_BODY = YES;
				CLANG_WARN_ENUM_CONVERSION = YES;
				CLANG_WARN_INT_CONVERSION = YES;
				CLANG_WARN_OBJC_ROOT_CLASS = YES_ERROR;
				CLANG_WARN_UNREACHABLE_CODE = YES;
				CLANG_WARN__DUPLICATE_METHOD_MATCH = YES;
				"CODE_SIGN_IDENTITY[sdk=iphoneos*]" = "iPhone Developer";
				COPY_PHASE_STRIP = YES;
				ENABLE_NS_ASSERTIONS = NO;
				ENABLE_STRICT_OBJC_MSGSEND = YES;
				GCC_C_LANGUAGE_STANDARD = gnu99;
				GCC_WARN_64_TO_32_BIT_CONVERSION = YES;
				GCC_WARN_ABOUT_RETURN_TYPE = YES_ERROR;
				GCC_WARN_UNDECLARED_SELECTOR = YES;
				GCC_WARN_UNINITIALIZED_AUTOS = YES_AGGRESSIVE;
				GCC_WARN_UNUSED_FUNCTION = YES;
				GCC_WARN_UNUSED_VARIABLE = YES;
				IPHONEOS_DEPLOYMENT_TARGET = 8.1;
				MTL_ENABLE_DEBUG_INFO = NO;
				SDKROOT = iphoneos;
				VALIDATE_PRODUCT = YES;
			};
			name = Release;
		};
		4C1193661A89C34D0009DDD3 /* Debug */ = {
			isa = XCBuildConfiguration;
			buildSettings = {
				ASSETCATALOG_COMPILER_APPICON_NAME = AppIcon;
				ASSETCATALOG_COMPILER_LAUNCHIMAGE_NAME = LaunchImage;
				CODE_SIGN_IDENTITY = "iPhone Developer";
				INFOPLIST_FILE = SpaceBlaze/Info.plist;
				IPHONEOS_DEPLOYMENT_TARGET = 7.0;
				LD_RUNPATH_SEARCH_PATHS = "$(inherited) @executable_path/Frameworks";
				PRODUCT_NAME = "$(TARGET_NAME)";
				TARGETED_DEVICE_FAMILY = "1,2";
			};
			name = Debug;
		};
		4C1193671A89C34D0009DDD3 /* Release */ = {
			isa = XCBuildConfiguration;
			buildSettings = {
				ASSETCATALOG_COMPILER_APPICON_NAME = AppIcon;
				ASSETCATALOG_COMPILER_LAUNCHIMAGE_NAME = LaunchImage;
				CODE_SIGN_IDENTITY = "iPhone Developer";
				INFOPLIST_FILE = SpaceBlaze/Info.plist;
				IPHONEOS_DEPLOYMENT_TARGET = 7.0;
				LD_RUNPATH_SEARCH_PATHS = "$(inherited) @executable_path/Frameworks";
				PRODUCT_NAME = "$(TARGET_NAME)";
				TARGETED_DEVICE_FAMILY = "1,2";
			};
			name = Release;
		};
		4C1193691A89C34D0009DDD3 /* Debug */ = {
			isa = XCBuildConfiguration;
			buildSettings = {
				BUNDLE_LOADER = "$(TEST_HOST)";
				FRAMEWORK_SEARCH_PATHS = (
					"$(SDKROOT)/Developer/Library/Frameworks",
					"$(inherited)",
				);
				GCC_PREPROCESSOR_DEFINITIONS = (
					"DEBUG=1",
					"$(inherited)",
				);
				INFOPLIST_FILE = SpaceBlazeTests/Info.plist;
				LD_RUNPATH_SEARCH_PATHS = "$(inherited) @executable_path/Frameworks @loader_path/Frameworks";
				PRODUCT_NAME = "$(TARGET_NAME)";
				TEST_HOST = "$(BUILT_PRODUCTS_DIR)/SpaceBlaze.app/SpaceBlaze";
			};
			name = Debug;
		};
		4C11936A1A89C34D0009DDD3 /* Release */ = {
			isa = XCBuildConfiguration;
			buildSettings = {
				BUNDLE_LOADER = "$(TEST_HOST)";
				FRAMEWORK_SEARCH_PATHS = (
					"$(SDKROOT)/Developer/Library/Frameworks",
					"$(inherited)",
				);
				INFOPLIST_FILE = SpaceBlazeTests/Info.plist;
				LD_RUNPATH_SEARCH_PATHS = "$(inherited) @executable_path/Frameworks @loader_path/Frameworks";
				PRODUCT_NAME = "$(TARGET_NAME)";
				TEST_HOST = "$(BUILT_PRODUCTS_DIR)/SpaceBlaze.app/SpaceBlaze";
			};
			name = Release;
		};
/* End XCBuildConfiguration section */

/* Begin XCConfigurationList section */
		4C1193381A89C34C0009DDD3 /* Build configuration list for PBXProject "SpaceBlaze" */ = {
			isa = XCConfigurationList;
			buildConfigurations = (
				4C1193631A89C34D0009DDD3 /* Debug */,
				4C1193641A89C34D0009DDD3 /* Release */,
			);
			defaultConfigurationIsVisible = 0;
			defaultConfigurationName = Release;
		};
		4C1193651A89C34D0009DDD3 /* Build configuration list for PBXNativeTarget "SpaceBlaze" */ = {
			isa = XCConfigurationList;
			buildConfigurations = (
				4C1193661A89C34D0009DDD3 /* Debug */,
				4C1193671A89C34D0009DDD3 /* Release */,
			);
			defaultConfigurationIsVisible = 0;
			defaultConfigurationName = Release;
		};
		4C1193681A89C34D0009DDD3 /* Build configuration list for PBXNativeTarget "SpaceBlazeTests" */ = {
			isa = XCConfigurationList;
			buildConfigurations = (
				4C1193691A89C34D0009DDD3 /* Debug */,
				4C11936A1A89C34D0009DDD3 /* Release */,
			);
			defaultConfigurationIsVisible = 0;
			defaultConfigurationName = Release;
		};
/* End XCConfigurationList section */
	};
	rootObject = 4C1193351A89C34C0009DDD3 /* Project object */;
}
